
Microsoft Visual Studio Solution File, Format Version 12.00
# Visual Studio 14
VisualStudioVersion = 14.0.25420.1
MinimumVisualStudioVersion = 10.0.40219.1
Project("{FAE04EC0-301F-11D3-BF4B-00C04F79EFBC}") = "EXI", "EXI\EXI.csproj", "{EA43B109-F417-4E57-A4DD-CE3561DF635D}"
EndProject
Project("{FAE04EC0-301F-11D3-BF4B-00C04F79EFBC}") = "ExiLibary", "ExiLibary\ExiLibary.csproj", "{BF9DB9A2-0B1E-41A6-9E07-B2E329F685D4}"
EndProject
Global
	GlobalSection(SolutionConfigurationPlatforms) = preSolution
		Debug|Any CPU = Debug|Any CPU
		Release|Any CPU = Release|Any CPU
	EndGlobalSection
	GlobalSection(ProjectConfigurationPlatforms) = postSolution
		{EA43B109-F417-4E57-A4DD-CE3561DF635D}.Debug|Any CPU.ActiveCfg = Debug|Any CPU
		{EA43B109-F417-4E57-A4DD-CE3561DF635D}.Debug|Any CPU.Build.0 = Debug|Any CPU
		{EA43B109-F417-4E57-A4DD-CE3561DF635D}.Release|Any CPU.ActiveCfg = Release|Any CPU
		{EA43B109-F417-4E57-A4DD-CE3561DF635D}.Release|Any CPU.Build.0 = Release|Any CPU
		{BF9DB9A2-0B1E-41A6-9E07-B2E329F685D4}.Debug|Any CPU.ActiveCfg = Debug|Any CPU
		{BF9DB9A2-0B1E-41A6-9E07-B2E329F685D4}.Debug|Any CPU.Build.0 = Debug|Any CPU
		{BF9DB9A2-0B1E-41A6-9E07-B2E329F685D4}.Release|Any CPU.ActiveCfg = Release|Any CPU
		{BF9DB9A2-0B1E-41A6-9E07-B2E329F685D4}.Release|Any CPU.Build.0 = Release|Any CPU
	EndGlobalSection
	GlobalSection(SolutionProperties) = preSolution
		HideSolutionNode = FALSE
	EndGlobalSection
EndGlobal
